
Microsoft Visual Studio Solution File, Format Version 12.00
# Visual Studio Version 17
VisualStudioVersion = 17.4.33122.133
MinimumVisualStudioVersion = 10.0.40219.1
Project("{FAE04EC0-301F-11D3-BF4B-00C04F79EFBC}") = "Words", "Words\Words.csproj", "{D782E80B-ED0E-4B1E-BEA7-EEB60E0F5C7B}"
EndProject
Global
	GlobalSection(SolutionConfigurationPlatforms) = preSolution
		Debug|Any CPU = Debug|Any CPU
		Release|Any CPU = Release|Any CPU
	EndGlobalSection
	GlobalSection(ProjectConfigurationPlatforms) = postSolution
		{D782E80B-ED0E-4B1E-BEA7-EEB60E0F5C7B}.Debug|Any CPU.ActiveCfg = Debug|Any CPU
		{D782E80B-ED0E-4B1E-BEA7-EEB60E0F5C7B}.Debug|Any CPU.Build.0 = Debug|Any CPU
		{D782E80B-ED0E-4B1E-BEA7-EEB60E0F5C7B}.Release|Any CPU.ActiveCfg = Release|Any CPU
		{D782E80B-ED0E-4B1E-BEA7-EEB60E0F5C7B}.Release|Any CPU.Build.0 = Release|Any CPU
	EndGlobalSection
	GlobalSection(SolutionProperties) = preSolution
		HideSolutionNode = FALSE
	EndGlobalSection
	GlobalSection(ExtensibilityGlobals) = postSolution
		SolutionGuid = {2C5CF44E-DF00-43E9-B8A5-DEAFCBD8E45A}
	EndGlobalSection
EndGlobal
